
Microsoft Visual Studio Solution File, Format Version 12.00
# Visual Studio Version 17
VisualStudioVersion = 17.1.32319.34
MinimumVisualStudioVersion = 10.0.40219.1
Project("{9A19103F-16F7-4668-BE54-9A1E7A4F7556}") = "bomberman", "bomberman\bomberman.csproj", "{FD7617B6-29F0-4AA6-A0D2-BAC7B974D076}"
EndProject
Global
	GlobalSection(SolutionConfigurationPlatforms) = preSolution
		Debug|Any CPU = Debug|Any CPU
		Release|Any CPU = Release|Any CPU
	EndGlobalSection
	GlobalSection(ProjectConfigurationPlatforms) = postSolution
		{FD7617B6-29F0-4AA6-A0D2-BAC7B974D076}.Debug|Any CPU.ActiveCfg = Debug|Any CPU
		{FD7617B6-29F0-4AA6-A0D2-BAC7B974D076}.Debug|Any CPU.Build.0 = Debug|Any CPU
		{FD7617B6-29F0-4AA6-A0D2-BAC7B974D076}.Release|Any CPU.ActiveCfg = Release|Any CPU
		{FD7617B6-29F0-4AA6-A0D2-BAC7B974D076}.Release|Any CPU.Build.0 = Release|Any CPU
	EndGlobalSection
	GlobalSection(SolutionProperties) = preSolution
		HideSolutionNode = FALSE
	EndGlobalSection
	GlobalSection(ExtensibilityGlobals) = postSolution
		SolutionGuid = {00065E61-A369-43EF-A5A9-470ACEBC7B94}
	EndGlobalSection
EndGlobal
